
Microsoft Visual Studio Solution File, Format Version 12.00
# Visual Studio Version 17
VisualStudioVersion = 17.7.34031.279
MinimumVisualStudioVersion = 10.0.40219.1
Project("{FAE04EC0-301F-11D3-BF4B-00C04F79EFBC}") = "Jagged array", "Jagged array\Jagged array.csproj", "{D6F08242-CCE0-419D-B18D-EF7AD1933871}"
EndProject
Global
	GlobalSection(SolutionConfigurationPlatforms) = preSolution
		Debug|Any CPU = Debug|Any CPU
		Release|Any CPU = Release|Any CPU
	EndGlobalSection
	GlobalSection(ProjectConfigurationPlatforms) = postSolution
		{D6F08242-CCE0-419D-B18D-EF7AD1933871}.Debug|Any CPU.ActiveCfg = Debug|Any CPU
		{D6F08242-CCE0-419D-B18D-EF7AD1933871}.Debug|Any CPU.Build.0 = Debug|Any CPU
		{D6F08242-CCE0-419D-B18D-EF7AD1933871}.Release|Any CPU.ActiveCfg = Release|Any CPU
		{D6F08242-CCE0-419D-B18D-EF7AD1933871}.Release|Any CPU.Build.0 = Release|Any CPU
	EndGlobalSection
	GlobalSection(SolutionProperties) = preSolution
		HideSolutionNode = FALSE
	EndGlobalSection
	GlobalSection(ExtensibilityGlobals) = postSolution
		SolutionGuid = {2B9DADF8-6E6B-4FF2-B24B-F93391D8B552}
	EndGlobalSection
EndGlobal
