
Microsoft Visual Studio Solution File, Format Version 12.00
# Visual Studio Version 17
VisualStudioVersion = 17.8.34309.116
MinimumVisualStudioVersion = 10.0.40219.1
Project("{FAE04EC0-301F-11D3-BF4B-00C04F79EFBC}") = "project_1", "project_1\project_1.csproj", "{2DA0E9B1-FDD3-4623-9193-984AFAFBC66C}"
EndProject
Global
	GlobalSection(SolutionConfigurationPlatforms) = preSolution
		Debug|Any CPU = Debug|Any CPU
		Release|Any CPU = Release|Any CPU
	EndGlobalSection
	GlobalSection(ProjectConfigurationPlatforms) = postSolution
		{2DA0E9B1-FDD3-4623-9193-984AFAFBC66C}.Debug|Any CPU.ActiveCfg = Debug|Any CPU
		{2DA0E9B1-FDD3-4623-9193-984AFAFBC66C}.Debug|Any CPU.Build.0 = Debug|Any CPU
		{2DA0E9B1-FDD3-4623-9193-984AFAFBC66C}.Release|Any CPU.ActiveCfg = Release|Any CPU
		{2DA0E9B1-FDD3-4623-9193-984AFAFBC66C}.Release|Any CPU.Build.0 = Release|Any CPU
	EndGlobalSection
	GlobalSection(SolutionProperties) = preSolution
		HideSolutionNode = FALSE
	EndGlobalSection
	GlobalSection(ExtensibilityGlobals) = postSolution
		SolutionGuid = {12F26484-A371-4482-9718-213787095C19}
	EndGlobalSection
EndGlobal
