
Microsoft Visual Studio Solution File, Format Version 12.00
# Visual Studio Version 17
VisualStudioVersion = 17.7.34031.279
MinimumVisualStudioVersion = 10.0.40219.1
Project("{FAE04EC0-301F-11D3-BF4B-00C04F79EFBC}") = "Assignment_1", "Assignment_1\Assignment_1.csproj", "{B7AEE3D1-80AD-4E5D-8669-4974C2360203}"
EndProject
Global
	GlobalSection(SolutionConfigurationPlatforms) = preSolution
		Debug|Any CPU = Debug|Any CPU
		Release|Any CPU = Release|Any CPU
	EndGlobalSection
	GlobalSection(ProjectConfigurationPlatforms) = postSolution
		{B7AEE3D1-80AD-4E5D-8669-4974C2360203}.Debug|Any CPU.ActiveCfg = Debug|Any CPU
		{B7AEE3D1-80AD-4E5D-8669-4974C2360203}.Debug|Any CPU.Build.0 = Debug|Any CPU
		{B7AEE3D1-80AD-4E5D-8669-4974C2360203}.Release|Any CPU.ActiveCfg = Release|Any CPU
		{B7AEE3D1-80AD-4E5D-8669-4974C2360203}.Release|Any CPU.Build.0 = Release|Any CPU
	EndGlobalSection
	GlobalSection(SolutionProperties) = preSolution
		HideSolutionNode = FALSE
	EndGlobalSection
	GlobalSection(ExtensibilityGlobals) = postSolution
		SolutionGuid = {156AF722-DFE3-40B0-BCCA-4D1B341EF820}
	EndGlobalSection
EndGlobal
